{
  "name": "GSA1.0",
  "lockfileVersion": 3,
  "requires": true,
  "packages": {
    "": {
      "dependencies": {
        "mp4box": "^2.1.2"
      }
    },
    "node_modules/mp4box": {
      "version": "2.1.2",
      "resolved": "https://registry.npmjs.org/mp4box/-/mp4box-2.1.2.tgz",
      "integrity": "sha512-QdkSSduB4ScH5xjg7/zVapbJzhBM2ttm+3BLRfbttDQieOPB33xpntjxEgSZzp3GVBjM+BIHtzkR4m5lnh9ufQ==",
      "license": "BSD-3-Clause",
      "engines": {
        "node": ">=20.8.1"
      }
    }
  }
}
